
Microsoft Visual Studio Solution File, Format Version 12.00
# Visual Studio Version 16
VisualStudioVersion = 16.0.31019.35
MinimumVisualStudioVersion = 10.0.40219.1
Project("{FAE04EC0-301F-11D3-BF4B-00C04F79EFBC}") = "TypeYourTitle", "TypeYourTitle\TypeYourTitle.csproj", "{62529518-ECDD-4A18-87E4-AE5CA883821B}"
EndProject
Project("{FAE04EC0-301F-11D3-BF4B-00C04F79EFBC}") = "FlipThroughTheBrushes", "D:\Загрузки\FlipThroughTheBrushes\FlipThroughTheBrushes\FlipThroughTheBrushes.csproj", "{A01B306A-A468-4E8A-9617-64B3ABB46E33}"
EndProject
Global
	GlobalSection(SolutionConfigurationPlatforms) = preSolution
		Debug|Any CPU = Debug|Any CPU
		Release|Any CPU = Release|Any CPU
	EndGlobalSection
	GlobalSection(ProjectConfigurationPlatforms) = postSolution
		{62529518-ECDD-4A18-87E4-AE5CA883821B}.Debug|Any CPU.ActiveCfg = Debug|Any CPU
		{62529518-ECDD-4A18-87E4-AE5CA883821B}.Debug|Any CPU.Build.0 = Debug|Any CPU
		{62529518-ECDD-4A18-87E4-AE5CA883821B}.Release|Any CPU.ActiveCfg = Release|Any CPU
		{62529518-ECDD-4A18-87E4-AE5CA883821B}.Release|Any CPU.Build.0 = Release|Any CPU
		{A01B306A-A468-4E8A-9617-64B3ABB46E33}.Debug|Any CPU.ActiveCfg = Debug|Any CPU
		{A01B306A-A468-4E8A-9617-64B3ABB46E33}.Debug|Any CPU.Build.0 = Debug|Any CPU
		{A01B306A-A468-4E8A-9617-64B3ABB46E33}.Release|Any CPU.ActiveCfg = Release|Any CPU
		{A01B306A-A468-4E8A-9617-64B3ABB46E33}.Release|Any CPU.Build.0 = Release|Any CPU
	EndGlobalSection
	GlobalSection(SolutionProperties) = preSolution
		HideSolutionNode = FALSE
	EndGlobalSection
	GlobalSection(ExtensibilityGlobals) = postSolution
		SolutionGuid = {DB3FF106-5B8A-4CA2-93E8-ED7C2E553FAE}
	EndGlobalSection
EndGlobal
